
Microsoft Visual Studio Solution File, Format Version 12.00
# Visual Studio 14
VisualStudioVersion = 14.0.25420.1
MinimumVisualStudioVersion = 10.0.40219.1
Project("{FAE04EC0-301F-11D3-BF4B-00C04F79EFBC}") = "2019-2-C샵-6주차-구구단-김유빈", "2019-2-C샵-6주차-구구단-김유빈\2019-2-C샵-6주차-구구단-김유빈.csproj", "{D463C547-085C-4C92-A56D-6F37234A16EF}"
EndProject
Global
	GlobalSection(SolutionConfigurationPlatforms) = preSolution
		Debug|Any CPU = Debug|Any CPU
		Release|Any CPU = Release|Any CPU
	EndGlobalSection
	GlobalSection(ProjectConfigurationPlatforms) = postSolution
		{D463C547-085C-4C92-A56D-6F37234A16EF}.Debug|Any CPU.ActiveCfg = Debug|Any CPU
		{D463C547-085C-4C92-A56D-6F37234A16EF}.Debug|Any CPU.Build.0 = Debug|Any CPU
		{D463C547-085C-4C92-A56D-6F37234A16EF}.Release|Any CPU.ActiveCfg = Release|Any CPU
		{D463C547-085C-4C92-A56D-6F37234A16EF}.Release|Any CPU.Build.0 = Release|Any CPU
	EndGlobalSection
	GlobalSection(SolutionProperties) = preSolution
		HideSolutionNode = FALSE
	EndGlobalSection
EndGlobal
